Microsoft Visual Studio Solution File, Format Version 12.00
# Visual Studio 2012
Project("{FAE04EC0-301F-11D3-BF4B-00C04F79EFBC}") = "Solitaire_Pyramid", "Solitaire_Pyramid.csproj", "{DBEB7082-32D1-4E8C-9E29-DCCCF2366925}"
EndProject
Global
	GlobalSection(SolutionConfigurationPlatforms) = preSolution
	Debug|Any CPU = Debug|Any CPU
	ExportDebug|Any CPU = ExportDebug|Any CPU
	ExportRelease|Any CPU = ExportRelease|Any CPU
	EndGlobalSection
	GlobalSection(ProjectConfigurationPlatforms) = postSolution
		{DBEB7082-32D1-4E8C-9E29-DCCCF2366925}.Debug|Any CPU.ActiveCfg = Debug|Any CPU
		{DBEB7082-32D1-4E8C-9E29-DCCCF2366925}.Debug|Any CPU.Build.0 = Debug|Any CPU
		{DBEB7082-32D1-4E8C-9E29-DCCCF2366925}.ExportDebug|Any CPU.ActiveCfg = ExportDebug|Any CPU
		{DBEB7082-32D1-4E8C-9E29-DCCCF2366925}.ExportDebug|Any CPU.Build.0 = ExportDebug|Any CPU
		{DBEB7082-32D1-4E8C-9E29-DCCCF2366925}.ExportRelease|Any CPU.ActiveCfg = ExportRelease|Any CPU
		{DBEB7082-32D1-4E8C-9E29-DCCCF2366925}.ExportRelease|Any CPU.Build.0 = ExportRelease|Any CPU
	EndGlobalSection
EndGlobal
